
Microsoft Visual Studio Solution File, Format Version 12.00
# Visual Studio Version 17
VisualStudioVersion = 17.7.34009.444
MinimumVisualStudioVersion = 10.0.40219.1
Project("{FAE04EC0-301F-11D3-BF4B-00C04F79EFBC}") = "Web1", "Web1\Web1.csproj", "{F948CDA9-E7A5-4612-8BE0-8AA7068F0A07}"
EndProject
Global
	GlobalSection(SolutionConfigurationPlatforms) = preSolution
		Debug|Any CPU = Debug|Any CPU
		Release|Any CPU = Release|Any CPU
	EndGlobalSection
	GlobalSection(ProjectConfigurationPlatforms) = postSolution
		{F948CDA9-E7A5-4612-8BE0-8AA7068F0A07}.Debug|Any CPU.ActiveCfg = Debug|Any CPU
		{F948CDA9-E7A5-4612-8BE0-8AA7068F0A07}.Debug|Any CPU.Build.0 = Debug|Any CPU
		{F948CDA9-E7A5-4612-8BE0-8AA7068F0A07}.Release|Any CPU.ActiveCfg = Release|Any CPU
		{F948CDA9-E7A5-4612-8BE0-8AA7068F0A07}.Release|Any CPU.Build.0 = Release|Any CPU
	EndGlobalSection
	GlobalSection(SolutionProperties) = preSolution
		HideSolutionNode = FALSE
	EndGlobalSection
	GlobalSection(ExtensibilityGlobals) = postSolution
		SolutionGuid = {1012CF3C-5ACF-4C4E-8EF7-70B372CE480F}
	EndGlobalSection
EndGlobal
